// !$*UTF8*$!
{
	archiveVersion = 1;
	classes = {
	};
	objectVersion = 55;
	objects = {

/* Begin PBXBuildFile section */
		38C6A720284B903500FC3443 /* PrEP_ReminderApp.swift in Sources */ = {isa = PBXBuildFile; fileRef = 38C6A71F284B903500FC3443 /* PrEP_ReminderApp.swift */; };
		38C6A722284B903500FC3443 /* ContentView.swift in Sources */ = {isa = PBXBuildFile; fileRef = 38C6A721284B903500FC3443 /* ContentView.swift */; };
		38C6A724284B903700FC3443 /* Assets.xcassets in Resources */ = {isa = PBXBuildFile; fileRef = 38C6A723284B903700FC3443 /* Assets.xcassets */; };
		38C6A727284B903700FC3443 /* Preview Assets.xcassets in Resources */ = {isa = PBXBuildFile; fileRef = 38C6A726284B903700FC3443 /* Preview Assets.xcassets */; };
		38C6A731284B903700FC3443 /* PrEP_ReminderTests.swift in Sources */ = {isa = PBXBuildFile; fileRef = 38C6A730284B903700FC3443 /* PrEP_ReminderTests.swift */; };
		38C6A73B284B903700FC3443 /* PrEP_ReminderUITests.swift in Sources */ = {isa = PBXBuildFile; fileRef = 38C6A73A284B903700FC3443 /* PrEP_ReminderUITests.swift */; };
		38C6A73D284B903700FC3443 /* PrEP_ReminderUITestsLaunchTests.swift in Sources */ = {isa = PBXBuildFile; fileRef = 38C6A73C284B903700FC3443 /* PrEP_ReminderUITestsLaunchTests.swift */; };
		38C6A74A284B990400FC3443 /* HomeView.swift in Sources */ = {isa = PBXBuildFile; fileRef = 38C6A749284B990400FC3443 /* HomeView.swift */; };
		38C6A74C284B99FA00FC3443 /* SettingsView.swift in Sources */ = {isa = PBXBuildFile; fileRef = 38C6A74B284B99FA00FC3443 /* SettingsView.swift */; };
		38C6A74E284BB50900FC3443 /* UserClass.swift in Sources */ = {isa = PBXBuildFile; fileRef = 38C6A74D284BB50900FC3443 /* UserClass.swift */; };
/* End PBXBuildFile section */

/* Begin PBXContainerItemProxy section */
		38C6A72D284B903700FC3443 /* PBXContainerItemProxy */ = {
			isa = PBXContainerItemProxy;
			containerPortal = 38C6A714284B903500FC3443 /* Project object */;
			proxyType = 1;
			remoteGlobalIDString = 38C6A71B284B903500FC3443;
			remoteInfo = "PrEP Reminder";
		};
		38C6A737284B903700FC3443 /* PBXContainerItemProxy */ = {
			isa = PBXContainerItemProxy;
			containerPortal = 38C6A714284B903500FC3443 /* Project object */;
			proxyType = 1;
			remoteGlobalIDString = 38C6A71B284B903500FC3443;
			remoteInfo = "PrEP Reminder";
		};
/* End PBXContainerItemProxy section */

/* Begin PBXFileReference section */
		38C6A71C284B903500FC3443 /* PrEP Reminder.app */ = {isa = PBXFileReference; explicitFileType = wrapper.application; includeInIndex = 0; path = "PrEP Reminder.app"; sourceTree = BUILT_PRODUCTS_DIR; };
		38C6A71F284B903500FC3443 /* PrEP_ReminderApp.swift */ = {isa = PBXFileReference; lastKnownFileType = sourcecode.swift; path = PrEP_ReminderApp.swift; sourceTree = "<group>"; };
		38C6A721284B903500FC3443 /* ContentView.swift */ = {isa = PBXFileReference; lastKnownFileType = sourcecode.swift; path = ContentView.swift; sourceTree = "<group>"; };
		38C6A723284B903700FC3443 /* Assets.xcassets */ = {isa = PBXFileReference; lastKnownFileType = folder.assetcatalog; path = Assets.xcassets; sourceTree = "<group>"; };
		38C6A726284B903700FC3443 /* Preview Assets.xcassets */ = {isa = PBXFileReference; lastKnownFileType = folder.assetcatalog; path = "Preview Assets.xcassets"; sourceTree = "<group>"; };
		38C6A72C284B903700FC3443 /* PrEP ReminderTests.xctest */ = {isa = PBXFileReference; explicitFileType = wrapper.cfbundle; includeInIndex = 0; path = "PrEP ReminderTests.xctest"; sourceTree = BUILT_PRODUCTS_DIR; };
		38C6A730284B903700FC3443 /* PrEP_ReminderTests.swift */ = {isa = PBXFileReference; lastKnownFileType = sourcecode.swift; path = PrEP_ReminderTests.swift; sourceTree = "<group>"; };
		38C6A736284B903700FC3443 /* PrEP ReminderUITests.xctest */ = {isa = PBXFileReference; explicitFileType = wrapper.cfbundle; includeInIndex = 0; path = "PrEP ReminderUITests.xctest"; sourceTree = BUILT_PRODUCTS_DIR; };
		38C6A73A284B903700FC3443 /* PrEP_ReminderUITests.swift */ = {isa = PBXFileReference; lastKnownFileType = sourcecode.swift; path = PrEP_ReminderUITests.swift; sourceTree = "<group>"; };
		38C6A73C284B903700FC3443 /* PrEP_ReminderUITestsLaunchTests.swift */ = {isa = PBXFileReference; lastKnownFileType = sourcecode.swift; path = PrEP_ReminderUITestsLaunchTests.swift; sourceTree = "<group>"; };
		38C6A749284B990400FC3443 /* HomeView.swift */ = {isa = PBXFileReference; lastKnownFileType = sourcecode.swift; path = HomeView.swift; sourceTree = "<group>"; };
		38C6A74B284B99FA00FC3443 /* SettingsView.swift */ = {isa = PBXFileReference; lastKnownFileType = sourcecode.swift; path = SettingsView.swift; sourceTree = "<group>"; };
		38C6A74D284BB50900FC3443 /* UserClass.swift */ = {isa = PBXFileReference; lastKnownFileType = sourcecode.swift; path = UserClass.swift; sourceTree = "<group>"; };
/* End PBXFileReference section */

/* Begin PBXFrameworksBuildPhase section */
		38C6A719284B903500FC3443 /* Frameworks */ = {
			isa = PBXFrameworksBuildPhase;
			buildActionMask = 2147483647;
			files = (
			);
			runOnlyForDeploymentPostprocessing = 0;
		};
		38C6A729284B903700FC3443 /* Frameworks */ = {
			isa = PBXFrameworksBuildPhase;
			buildActionMask = 2147483647;
			files = (
			);
			runOnlyForDeploymentPostprocessing = 0;
		};
		38C6A733284B903700FC3443 /* Frameworks */ = {
			isa = PBXFrameworksBuildPhase;
			buildActionMask = 2147483647;
			files = (
			);
			runOnlyForDeploymentPostprocessing = 0;
		};
/* End PBXFrameworksBuildPhase section */

/* Begin PBXGroup section */
		38C6A713284B903500FC3443 = {
			isa = PBXGroup;
			children = (
				38C6A71E284B903500FC3443 /* PrEP Reminder */,
				38C6A72F284B903700FC3443 /* PrEP ReminderTests */,
				38C6A739284B903700FC3443 /* PrEP ReminderUITests */,
				38C6A71D284B903500FC3443 /* Products */,
			);
			sourceTree = "<group>";
		};
		38C6A71D284B903500FC3443 /* Products */ = {
			isa = PBXGroup;
			children = (
				38C6A71C284B903500FC3443 /* PrEP Reminder.app */,
				38C6A72C284B903700FC3443 /* PrEP ReminderTests.xctest */,
				38C6A736284B903700FC3443 /* PrEP ReminderUITests.xctest */,
			);
			name = Products;
			sourceTree = "<group>";
		};
		38C6A71E284B903500FC3443 /* PrEP Reminder */ = {
			isa = PBXGroup;
			children = (
				38C6A71F284B903500FC3443 /* PrEP_ReminderApp.swift */,
				38C6A721284B903500FC3443 /* ContentView.swift */,
				38C6A749284B990400FC3443 /* HomeView.swift */,
				38C6A74B284B99FA00FC3443 /* SettingsView.swift */,
				38C6A74D284BB50900FC3443 /* UserClass.swift */,
				38C6A723284B903700FC3443 /* Assets.xcassets */,
				38C6A725284B903700FC3443 /* Preview Content */,
			);
			path = "PrEP Reminder";
			sourceTree = "<group>";
		};
		38C6A725284B903700FC3443 /* Preview Content */ = {
			isa = PBXGroup;
			children = (
				38C6A726284B903700FC3443 /* Preview Assets.xcassets */,
			);
			path = "Preview Content";
			sourceTree = "<group>";
		};
		38C6A72F284B903700FC3443 /* PrEP ReminderTests */ = {
			isa = PBXGroup;
			children = (
				38C6A730284B903700FC3443 /* PrEP_ReminderTests.swift */,
			);
			path = "PrEP ReminderTests";
			sourceTree = "<group>";
		};
		38C6A739284B903700FC3443 /* PrEP ReminderUITests */ = {
			isa = PBXGroup;
			children = (
				38C6A73A284B903700FC3443 /* PrEP_ReminderUITests.swift */,
				38C6A73C284B903700FC3443 /* PrEP_ReminderUITestsLaunchTests.swift */,
			);
			path = "PrEP ReminderUITests";
			sourceTree = "<group>";
		};
/* End PBXGroup section */

/* Begin PBXNativeTarget section */
		38C6A71B284B903500FC3443 /* PrEP Reminder */ = {
			isa = PBXNativeTarget;
			buildConfigurationList = 38C6A740284B903700FC3443 /* Build configuration list for PBXNativeTarget "PrEP Reminder" */;
			buildPhases = (
				38C6A718284B903500FC3443 /* Sources */,
				38C6A719284B903500FC3443 /* Frameworks */,
				38C6A71A284B903500FC3443 /* Resources */,
			);
			buildRules = (
			);
			dependencies = (
			);
			name = "PrEP Reminder";
			productName = "PrEP Reminder";
			productReference = 38C6A71C284B903500FC3443 /* PrEP Reminder.app */;
			productType = "com.apple.product-type.application";
		};
		38C6A72B284B903700FC3443 /* PrEP ReminderTests */ = {
			isa = PBXNativeTarget;
			buildConfigurationList = 38C6A743284B903700FC3443 /* Build configuration list for PBXNativeTarget "PrEP ReminderTests" */;
			buildPhases = (
				38C6A728284B903700FC3443 /* Sources */,
				38C6A729284B903700FC3443 /* Frameworks */,
				38C6A72A284B903700FC3443 /* Resources */,
			);
			buildRules = (
			);
			dependencies = (
				38C6A72E284B903700FC3443 /* PBXTargetDependency */,
			);
			name = "PrEP ReminderTests";
			productName = "PrEP ReminderTests";
			productReference = 38C6A72C284B903700FC3443 /* PrEP ReminderTests.xctest */;
			productType = "com.apple.product-type.bundle.unit-test";
		};
		38C6A735284B903700FC3443 /* PrEP ReminderUITests */ = {
			isa = PBXNativeTarget;
			buildConfigurationList = 38C6A746284B903700FC3443 /* Build configuration list for PBXNativeTarget "PrEP ReminderUITests" */;
			buildPhases = (
				38C6A732284B903700FC3443 /* Sources */,
				38C6A733284B903700FC3443 /* Frameworks */,
				38C6A734284B903700FC3443 /* Resources */,
			);
			buildRules = (
			);
			dependencies = (
				38C6A738284B903700FC3443 /* PBXTargetDependency */,
			);
			name = "PrEP ReminderUITests";
			productName = "PrEP ReminderUITests";
			productReference = 38C6A736284B903700FC3443 /* PrEP ReminderUITests.xctest */;
			productType = "com.apple.product-type.bundle.ui-testing";
		};
/* End PBXNativeTarget section */

/* Begin PBXProject section */
		38C6A714284B903500FC3443 /* Project object */ = {
			isa = PBXProject;
			attributes = {
				BuildIndependentTargetsInParallel = 1;
				LastSwiftUpdateCheck = 1340;
				LastUpgradeCheck = 1340;
				TargetAttributes = {
					38C6A71B284B903500FC3443 = {
						CreatedOnToolsVersion = 13.4;
					};
					38C6A72B284B903700FC3443 = {
						CreatedOnToolsVersion = 13.4;
						TestTargetID = 38C6A71B284B903500FC3443;
					};
					38C6A735284B903700FC3443 = {
						CreatedOnToolsVersion = 13.4;
						TestTargetID = 38C6A71B284B903500FC3443;
					};
				};
			};
			buildConfigurationList = 38C6A717284B903500FC3443 /* Build configuration list for PBXProject "PrEP Reminder" */;
			compatibilityVersion = "Xcode 13.0";
			developmentRegion = en;
			hasScannedForEncodings = 0;
			knownRegions = (
				en,
				Base,
			);
			mainGroup = 38C6A713284B903500FC3443;
			productRefGroup = 38C6A71D284B903500FC3443 /* Products */;
			projectDirPath = "";
			projectRoot = "";
			targets = (
				38C6A71B284B903500FC3443 /* PrEP Reminder */,
				38C6A72B284B903700FC3443 /* PrEP ReminderTests */,
				38C6A735284B903700FC3443 /* PrEP ReminderUITests */,
			);
		};
/* End PBXProject section */

/* Begin PBXResourcesBuildPhase section */
		38C6A71A284B903500FC3443 /* Resources */ = {
			isa = PBXResourcesBuildPhase;
			buildActionMask = 2147483647;
			files = (
				38C6A727284B903700FC3443 /* Preview Assets.xcassets in Resources */,
				38C6A724284B903700FC3443 /* Assets.xcassets in Resources */,
			);
			runOnlyForDeploymentPostprocessing = 0;
		};
		38C6A72A284B903700FC3443 /* Resources */ = {
			isa = PBXResourcesBuildPhase;
			buildActionMask = 2147483647;
			files = (
			);
			runOnlyForDeploymentPostprocessing = 0;
		};
		38C6A734284B903700FC3443 /* Resources */ = {
			isa = PBXResourcesBuildPhase;
			buildActionMask = 2147483647;
			files = (
			);
			runOnlyForDeploymentPostprocessing = 0;
		};
/* End PBXResourcesBuildPhase section */

/* Begin PBXSourcesBuildPhase section */
		38C6A718284B903500FC3443 /* Sources */ = {
			isa = PBXSourcesBuildPhase;
			buildActionMask = 2147483647;
			files = (
				38C6A74E284BB50900FC3443 /* UserClass.swift in Sources */,
				38C6A722284B903500FC3443 /* ContentView.swift in Sources */,
				38C6A720284B903500FC3443 /* PrEP_ReminderApp.swift in Sources */,
				38C6A74C284B99FA00FC3443 /* SettingsView.swift in Sources */,
				38C6A74A284B990400FC3443 /* HomeView.swift in Sources */,
			);
			runOnlyForDeploymentPostprocessing = 0;
		};
		38C6A728284B903700FC3443 /* Sources */ = {
			isa = PBXSourcesBuildPhase;
			buildActionMask = 2147483647;
			files = (
				38C6A731284B903700FC3443 /* PrEP_ReminderTests.swift in Sources */,
			);
			runOnlyForDeploymentPostprocessing = 0;
		};
		38C6A732284B903700FC3443 /* Sources */ = {
			isa = PBXSourcesBuildPhase;
			buildActionMask = 2147483647;
			files = (
				38C6A73B284B903700FC3443 /* PrEP_ReminderUITests.swift in Sources */,
				38C6A73D284B903700FC3443 /* PrEP_ReminderUITestsLaunchTests.swift in Sources */,
			);
			runOnlyForDeploymentPostprocessing = 0;
		};
/* End PBXSourcesBuildPhase section */

/* Begin PBXTargetDependency section */
		38C6A72E284B903700FC3443 /* PBXTargetDependency */ = {
			isa = PBXTargetDependency;
			target = 38C6A71B284B903500FC3443 /* PrEP Reminder */;
			targetProxy = 38C6A72D284B903700FC3443 /* PBXContainerItemProxy */;
		};
		38C6A738284B903700FC3443 /* PBXTargetDependency */ = {
			isa = PBXTargetDependency;
			target = 38C6A71B284B903500FC3443 /* PrEP Reminder */;
			targetProxy = 38C6A737284B903700FC3443 /* PBXContainerItemProxy */;
		};
/* End PBXTargetDependency section */

/* Begin XCBuildConfiguration section */
		38C6A73E284B903700FC3443 /* Debug */ = {
			isa = XCBuildConfiguration;
			buildSettings = {
				ALWAYS_SEARCH_USER_PATHS = NO;
				CLANG_ANALYZER_NONNULL = YES;
				CLANG_ANALYZER_NUMBER_OBJECT_CONVERSION = YES_AGGRESSIVE;
				CLANG_CXX_LANGUAGE_STANDARD = "gnu++17";
				CLANG_ENABLE_MODULES = YES;
				CLANG_ENABLE_OBJC_ARC = YES;
				CLANG_ENABLE_OBJC_WEAK = YES;
				CLANG_WARN_BLOCK_CAPTURE_AUTORELEASING = YES;
				CLANG_WARN_BOOL_CONVERSION = YES;
				CLANG_WARN_COMMA = YES;
				CLANG_WARN_CONSTANT_CONVERSION = YES;
				CLANG_WARN_DEPRECATED_OBJC_IMPLEMENTATIONS = YES;
				CLANG_WARN_DIRECT_OBJC_ISA_USAGE = YES_ERROR;
				CLANG_WARN_DOCUMENTATION_COMMENTS = YES;
				CLANG_WARN_EMPTY_BODY = YES;
				CLANG_WARN_ENUM_CONVERSION = YES;
				CLANG_WARN_INFINITE_RECURSION = YES;
				CLANG_WARN_INT_CONVERSION = YES;
				CLANG_WARN_NON_LITERAL_NULL_CONVERSION = YES;
				CLANG_WARN_OBJC_IMPLICIT_RETAIN_SELF = YES;
				CLANG_WARN_OBJC_LITERAL_CONVERSION = YES;
				CLANG_WARN_OBJC_ROOT_CLASS = YES_ERROR;
				CLANG_WARN_QUOTED_INCLUDE_IN_FRAMEWORK_HEADER = YES;
				CLANG_WARN_RANGE_LOOP_ANALYSIS = YES;
				CLANG_WARN_STRICT_PROTOTYPES = YES;
				CLANG_WARN_SUSPICIOUS_MOVE = YES;
				CLANG_WARN_UNGUARDED_AVAILABILITY = YES_AGGRESSIVE;
				CLANG_WARN_UNREACHABLE_CODE = YES;
				CLANG_WARN__DUPLICATE_METHOD_MATCH = YES;
				COPY_PHASE_STRIP = NO;
				DEBUG_INFORMATION_FORMAT = dwarf;
				ENABLE_STRICT_OBJC_MSGSEND = YES;
				ENABLE_TESTABILITY = YES;
				GCC_C_LANGUAGE_STANDARD = gnu11;
				GCC_DYNAMIC_NO_PIC = NO;
				GCC_NO_COMMON_BLOCKS = YES;
				GCC_OPTIMIZATION_LEVEL = 0;
				GCC_PREPROCESSOR_DEFINITIONS = (
					"DEBUG=1",
					"$(inherited)",
				);
				GCC_WARN_64_TO_32_BIT_CONVERSION = YES;
				GCC_WARN_ABOUT_RETURN_TYPE = YES_ERROR;
				GCC_WARN_UNDECLARED_SELECTOR = YES;
				GCC_WARN_UNINITIALIZED_AUTOS = YES_AGGRESSIVE;
				GCC_WARN_UNUSED_FUNCTION = YES;
				GCC_WARN_UNUSED_VARIABLE = YES;
				IPHONEOS_DEPLOYMENT_TARGET = 15.5;
				MTL_ENABLE_DEBUG_INFO = INCLUDE_SOURCE;
				MTL_FAST_MATH = YES;
				ONLY_ACTIVE_ARCH = YES;
				SDKROOT = iphoneos;
				SWIFT_ACTIVE_COMPILATION_CONDITIONS = DEBUG;
				SWIFT_OPTIMIZATION_LEVEL = "-Onone";
			};
			name = Debug;
		};
		38C6A73F284B903700FC3443 /* Release */ = {
			isa = XCBuildConfiguration;
			buildSettings = {
				ALWAYS_SEARCH_USER_PATHS = NO;
				CLANG_ANALYZER_NONNULL = YES;
				CLANG_ANALYZER_NUMBER_OBJECT_CONVERSION = YES_AGGRESSIVE;
				CLANG_CXX_LANGUAGE_STANDARD = "gnu++17";
				CLANG_ENABLE_MODULES = YES;
				CLANG_ENABLE_OBJC_ARC = YES;
				CLANG_ENABLE_OBJC_WEAK = YES;
				CLANG_WARN_BLOCK_CAPTURE_AUTORELEASING = YES;
				CLANG_WARN_BOOL_CONVERSION = YES;
				CLANG_WARN_COMMA = YES;
				CLANG_WARN_CONSTANT_CONVERSION = YES;
				CLANG_WARN_DEPRECATED_OBJC_IMPLEMENTATIONS = YES;
				CLANG_WARN_DIRECT_OBJC_ISA_USAGE = YES_ERROR;
				CLANG_WARN_DOCUMENTATION_COMMENTS = YES;
				CLANG_WARN_EMPTY_BODY = YES;
				CLANG_WARN_ENUM_CONVERSION = YES;
				CLANG_WARN_INFINITE_RECURSION = YES;
				CLANG_WARN_INT_CONVERSION = YES;
				CLANG_WARN_NON_LITERAL_NULL_CONVERSION = YES;
				CLANG_WARN_OBJC_IMPLICIT_RETAIN_SELF = YES;
				CLANG_WARN_OBJC_LITERAL_CONVERSION = YES;
				CLANG_WARN_OBJC_ROOT_CLASS = YES_ERROR;
				CLANG_WARN_QUOTED_INCLUDE_IN_FRAMEWORK_HEADER = YES;
				CLANG_WARN_RANGE_LOOP_ANALYSIS = YES;
				CLANG_WARN_STRICT_PROTOTYPES = YES;
				CLANG_WARN_SUSPICIOUS_MOVE = YES;
				CLANG_WARN_UNGUARDED_AVAILABILITY = YES_AGGRESSIVE;
				CLANG_WARN_UNREACHABLE_CODE = YES;
				CLANG_WARN__DUPLICATE_METHOD_MATCH = YES;
				COPY_PHASE_STRIP = NO;
				DEBUG_INFORMATION_FORMAT = "dwarf-with-dsym";
				ENABLE_NS_ASSERTIONS = NO;
				ENABLE_STRICT_OBJC_MSGSEND = YES;
				GCC_C_LANGUAGE_STANDARD = gnu11;
				GCC_NO_COMMON_BLOCKS = YES;
				GCC_WARN_64_TO_32_BIT_CONVERSION = YES;
				GCC_WARN_ABOUT_RETURN_TYPE = YES_ERROR;
				GCC_WARN_UNDECLARED_SELECTOR = YES;
				GCC_WARN_UNINITIALIZED_AUTOS = YES_AGGRESSIVE;
				GCC_WARN_UNUSED_FUNCTION = YES;
				GCC_WARN_UNUSED_VARIABLE = YES;
				IPHONEOS_DEPLOYMENT_TARGET = 15.5;
				MTL_ENABLE_DEBUG_INFO = NO;
				MTL_FAST_MATH = YES;
				SDKROOT = iphoneos;
				SWIFT_COMPILATION_MODE = wholemodule;
				SWIFT_OPTIMIZATION_LEVEL = "-O";
				VALIDATE_PRODUCT = YES;
			};
			name = Release;
		};
		38C6A741284B903700FC3443 /* Debug */ = {
			isa = XCBuildConfiguration;
			buildSettings = {
				ASSETCATALOG_COMPILER_APPICON_NAME = AppIcon;
				ASSETCATALOG_COMPILER_GLOBAL_ACCENT_COLOR_NAME = AccentColor;
				CODE_SIGN_STYLE = Automatic;
				CURRENT_PROJECT_VERSION = 1;
				DEVELOPMENT_ASSET_PATHS = "\"PrEP Reminder/Preview Content\"";
				DEVELOPMENT_TEAM = CS7P9L74D4;
				ENABLE_PREVIEWS = YES;
				GENERATE_INFOPLIST_FILE = YES;
				INFOPLIST_KEY_UIApplicationSceneManifest_Generation = YES;
				INFOPLIST_KEY_UIApplicationSupportsIndirectInputEvents = YES;
				INFOPLIST_KEY_UILaunchScreen_Generation = YES;
				INFOPLIST_KEY_UISupportedInterfaceOrientations_iPad = "UIInterfaceOrientationPortrait UIInterfaceOrientationPortraitUpsideDown UIInterfaceOrientationLandscapeLeft UIInterfaceOrientationLandscapeRight";
				INFOPLIST_KEY_UISupportedInterfaceOrientations_iPhone = "UIInterfaceOrientationPortrait UIInterfaceOrientationLandscapeLeft UIInterfaceOrientationLandscapeRight";
				LD_RUNPATH_SEARCH_PATHS = (
					"$(inherited)",
					"@executable_path/Frameworks",
				);
				MARKETING_VERSION = 1.0;
				PRODUCT_BUNDLE_IDENTIFIER = "DavidWilliams.PrEP-Reminder";
				PRODUCT_NAME = "$(TARGET_NAME)";
				SWIFT_EMIT_LOC_STRINGS = YES;
				SWIFT_VERSION = 5.0;
				TARGETED_DEVICE_FAMILY = "1,2";
			};
			name = Debug;
		};
		38C6A742284B903700FC3443 /* Release */ = {
			isa = XCBuildConfiguration;
			buildSettings = {
				ASSETCATALOG_COMPILER_APPICON_NAME = AppIcon;
				ASSETCATALOG_COMPILER_GLOBAL_ACCENT_COLOR_NAME = AccentColor;
				CODE_SIGN_STYLE = Automatic;
				CURRENT_PROJECT_VERSION = 1;
				DEVELOPMENT_ASSET_PATHS = "\"PrEP Reminder/Preview Content\"";
				DEVELOPMENT_TEAM = CS7P9L74D4;
				ENABLE_PREVIEWS = YES;
				GENERATE_INFOPLIST_FILE = YES;
				INFOPLIST_KEY_UIApplicationSceneManifest_Generation = YES;
				INFOPLIST_KEY_UIApplicationSupportsIndirectInputEvents = YES;
				INFOPLIST_KEY_UILaunchScreen_Generation = YES;
				INFOPLIST_KEY_UISupportedInterfaceOrientations_iPad = "UIInterfaceOrientationPortrait UIInterfaceOrientationPortraitUpsideDown UIInterfaceOrientationLandscapeLeft UIInterfaceOrientationLandscapeRight";
				INFOPLIST_KEY_UISupportedInterfaceOrientations_iPhone = "UIInterfaceOrientationPortrait UIInterfaceOrientationLandscapeLeft UIInterfaceOrientationLandscapeRight";
				LD_RUNPATH_SEARCH_PATHS = (
					"$(inherited)",
					"@executable_path/Frameworks",
				);
				MARKETING_VERSION = 1.0;
				PRODUCT_BUNDLE_IDENTIFIER = "DavidWilliams.PrEP-Reminder";
				PRODUCT_NAME = "$(TARGET_NAME)";
				SWIFT_EMIT_LOC_STRINGS = YES;
				SWIFT_VERSION = 5.0;
				TARGETED_DEVICE_FAMILY = "1,2";
			};
			name = Release;
		};
		38C6A744284B903700FC3443 /* Debug */ = {
			isa = XCBuildConfiguration;
			buildSettings = {
				ALWAYS_EMBED_SWIFT_STANDARD_LIBRARIES = YES;
				BUNDLE_LOADER = "$(TEST_HOST)";
				CODE_SIGN_STYLE = Automatic;
				CURRENT_PROJECT_VERSION = 1;
				DEVELOPMENT_TEAM = CS7P9L74D4;
				GENERATE_INFOPLIST_FILE = YES;
				IPHONEOS_DEPLOYMENT_TARGET = 15.5;
				MARKETING_VERSION = 1.0;
				PRODUCT_BUNDLE_IDENTIFIER = "DavidWilliams.PrEP-ReminderTests";
				PRODUCT_NAME = "$(TARGET_NAME)";
				SWIFT_EMIT_LOC_STRINGS = NO;
				SWIFT_VERSION = 5.0;
				TARGETED_DEVICE_FAMILY = "1,2";
				TEST_HOST = "$(BUILT_PRODUCTS_DIR)/PrEP Reminder.app/PrEP Reminder";
			};
			name = Debug;
		};
		38C6A745284B903700FC3443 /* Release */ = {
			isa = XCBuildConfiguration;
			buildSettings = {
				ALWAYS_EMBED_SWIFT_STANDARD_LIBRARIES = YES;
				BUNDLE_LOADER = "$(TEST_HOST)";
				CODE_SIGN_STYLE = Automatic;
				CURRENT_PROJECT_VERSION = 1;
				DEVELOPMENT_TEAM = CS7P9L74D4;
				GENERATE_INFOPLIST_FILE = YES;
				IPHONEOS_DEPLOYMENT_TARGET = 15.5;
				MARKETING_VERSION = 1.0;
				PRODUCT_BUNDLE_IDENTIFIER = "DavidWilliams.PrEP-ReminderTests";
				PRODUCT_NAME = "$(TARGET_NAME)";
				SWIFT_EMIT_LOC_STRINGS = NO;
				SWIFT_VERSION = 5.0;
				TARGETED_DEVICE_FAMILY = "1,2";
				TEST_HOST = "$(BUILT_PRODUCTS_DIR)/PrEP Reminder.app/PrEP Reminder";
			};
			name = Release;
		};
		38C6A747284B903700FC3443 /* Debug */ = {
			isa = XCBuildConfiguration;
			buildSettings = {
				ALWAYS_EMBED_SWIFT_STANDARD_LIBRARIES = YES;
				CODE_SIGN_STYLE = Automatic;
				CURRENT_PROJECT_VERSION = 1;
				DEVELOPMENT_TEAM = CS7P9L74D4;
				GENERATE_INFOPLIST_FILE = YES;
				MARKETING_VERSION = 1.0;
				PRODUCT_BUNDLE_IDENTIFIER = "DavidWilliams.PrEP-ReminderUITests";
				PRODUCT_NAME = "$(TARGET_NAME)";
				SWIFT_EMIT_LOC_STRINGS = NO;
				SWIFT_VERSION = 5.0;
				TARGETED_DEVICE_FAMILY = "1,2";
				TEST_TARGET_NAME = "PrEP Reminder";
			};
			name = Debug;
		};
		38C6A748284B903700FC3443 /* Release */ = {
			isa = XCBuildConfiguration;
			buildSettings = {
				ALWAYS_EMBED_SWIFT_STANDARD_LIBRARIES = YES;
				CODE_SIGN_STYLE = Automatic;
				CURRENT_PROJECT_VERSION = 1;
				DEVELOPMENT_TEAM = CS7P9L74D4;
				GENERATE_INFOPLIST_FILE = YES;
				MARKETING_VERSION = 1.0;
				PRODUCT_BUNDLE_IDENTIFIER = "DavidWilliams.PrEP-ReminderUITests";
				PRODUCT_NAME = "$(TARGET_NAME)";
				SWIFT_EMIT_LOC_STRINGS = NO;
				SWIFT_VERSION = 5.0;
				TARGETED_DEVICE_FAMILY = "1,2";
				TEST_TARGET_NAME = "PrEP Reminder";
			};
			name = Release;
		};
/* End XCBuildConfiguration section */

/* Begin XCConfigurationList section */
		38C6A717284B903500FC3443 /* Build configuration list for PBXProject "PrEP Reminder" */ = {
			isa = XCConfigurationList;
			buildConfigurations = (
				38C6A73E284B903700FC3443 /* Debug */,
				38C6A73F284B903700FC3443 /* Release */,
			);
			defaultConfigurationIsVisible = 0;
			defaultConfigurationName = Release;
		};
		38C6A740284B903700FC3443 /* Build configuration list for PBXNativeTarget "PrEP Reminder" */ = {
			isa = XCConfigurationList;
			buildConfigurations = (
				38C6A741284B903700FC3443 /* Debug */,
				38C6A742284B903700FC3443 /* Release */,
			);
			defaultConfigurationIsVisible = 0;
			defaultConfigurationName = Release;
		};
		38C6A743284B903700FC3443 /* Build configuration list for PBXNativeTarget "PrEP ReminderTests" */ = {
			isa = XCConfigurationList;
			buildConfigurations = (
				38C6A744284B903700FC3443 /* Debug */,
				38C6A745284B903700FC3443 /* Release */,
			);
			defaultConfigurationIsVisible = 0;
			defaultConfigurationName = Release;
		};
		38C6A746284B903700FC3443 /* Build configuration list for PBXNativeTarget "PrEP ReminderUITests" */ = {
			isa = XCConfigurationList;
			buildConfigurations = (
				38C6A747284B903700FC3443 /* Debug */,
				38C6A748284B903700FC3443 /* Release */,
			);
			defaultConfigurationIsVisible = 0;
			defaultConfigurationName = Release;
		};
/* End XCConfigurationList section */
	};
	rootObject = 38C6A714284B903500FC3443 /* Project object */;
}
